
Microsoft Visual Studio Solution File, Format Version 12.00
# Visual Studio Version 17
VisualStudioVersion = 17.5.002.0
MinimumVisualStudioVersion = 10.0.40219.1
Project("{9A19103F-16F7-4668-BE54-9A1E7A4F7556}") = "m365graph", "m365graph.csproj", "{76EB25DD-33CE-4F05-8077-91D312321A68}"
EndProject
Global
	GlobalSection(SolutionConfigurationPlatforms) = preSolution
		Debug|Any CPU = Debug|Any CPU
		Release|Any CPU = Release|Any CPU
	EndGlobalSection
	GlobalSection(ProjectConfigurationPlatforms) = postSolution
		{76EB25DD-33CE-4F05-8077-91D312321A68}.Debug|Any CPU.ActiveCfg = Debug|Any CPU
		{76EB25DD-33CE-4F05-8077-91D312321A68}.Debug|Any CPU.Build.0 = Debug|Any CPU
		{76EB25DD-33CE-4F05-8077-91D312321A68}.Release|Any CPU.ActiveCfg = Release|Any CPU
		{76EB25DD-33CE-4F05-8077-91D312321A68}.Release|Any CPU.Build.0 = Release|Any CPU
	EndGlobalSection
	GlobalSection(SolutionProperties) = preSolution
		HideSolutionNode = FALSE
	EndGlobalSection
	GlobalSection(ExtensibilityGlobals) = postSolution
		SolutionGuid = {A1418292-D780-4CA7-BAD3-64A6A5E21E99}
	EndGlobalSection
EndGlobal
